{
  "version": 4,
  "terraform_version": "1.15.1",
  "serial": 132,
  "lineage": "19a095e5-2053-0c28-e5ce-e469b422b15d",
  "outputs": {},
  "resources": [
    {
      "mode": "data",
      "type": "aws_iam_policy_document",
      "name": "efs",
      "provider": "provider[\"registry.terraform.io/hashicorp/aws\"]",
      "instances": [
        {
          "schema_version": 0,
          "attributes": {
            "id": "1887363532",
            "json": "{\n  \"Version\": \"2012-10-17\",\n  \"Statement\": [\n    {\n      \"Sid\": \"EfsDescribe\",\n      \"Effect\": \"Allow\",\n      \"Action\": [\n        \"elasticfilesystem:DescribeMountTargets\",\n        \"elasticfilesystem:DescribeFileSystems\",\n        \"elasticfilesystem:DescribeAccessPoints\",\n        \"ec2:DescribeAvailabilityZones\"\n      ],\n      \"Resource\": \"*\"\n    },\n    {\n      \"Sid\": \"EfsCreateAccessPoint\",\n      \"Effect\": \"Allow\",\n      \"Action\": \"elasticfilesystem:CreateAccessPoint\",\n      \"Resource\": \"*\",\n      \"Condition\": {\n        \"StringLike\": {\n          \"aws:RequestTag/efs.csi.aws.com/cluster\": \"true\"\n        }\n      }\n    },\n    {\n      \"Sid\": \"EfsDeleteAccessPoint\",\n      \"Effect\": \"Allow\",\n      \"Action\": \"elasticfilesystem:DeleteAccessPoint\",\n      \"Resource\": \"*\",\n      \"Condition\": {\n        \"StringEquals\": {\n          \"aws:ResourceTag/efs.csi.aws.com/cluster\": \"true\"\n        }\n      }\n    },\n    {\n      \"Sid\": \"EfsClientMount\",\n      \"Effect\": \"Allow\",\n      \"Action\": [\n        \"elasticfilesystem:ClientWrite\",\n        \"elasticfilesystem:ClientMount\"\n      ],\n      \"Resource\": \"*\"\n    }\n  ]\n}",
            "minified_json": "{\"Version\":\"2012-10-17\",\"Statement\":[{\"Sid\":\"EfsDescribe\",\"Effect\":\"Allow\",\"Action\":[\"elasticfilesystem:DescribeMountTargets\",\"elasticfilesystem:DescribeFileSystems\",\"elasticfilesystem:DescribeAccessPoints\",\"ec2:DescribeAvailabilityZones\"],\"Resource\":\"*\"},{\"Sid\":\"EfsCreateAccessPoint\",\"Effect\":\"Allow\",\"Action\":\"elasticfilesystem:CreateAccessPoint\",\"Resource\":\"*\",\"Condition\":{\"StringLike\":{\"aws:RequestTag/efs.csi.aws.com/cluster\":\"true\"}}},{\"Sid\":\"EfsDeleteAccessPoint\",\"Effect\":\"Allow\",\"Action\":\"elasticfilesystem:DeleteAccessPoint\",\"Resource\":\"*\",\"Condition\":{\"StringEquals\":{\"aws:ResourceTag/efs.csi.aws.com/cluster\":\"true\"}}},{\"Sid\":\"EfsClientMount\",\"Effect\":\"Allow\",\"Action\":[\"elasticfilesystem:ClientWrite\",\"elasticfilesystem:ClientMount\"],\"Resource\":\"*\"}]}",
            "override_json": null,
            "override_policy_documents": null,
            "policy_id": null,
            "source_json": null,
            "source_policy_documents": null,
            "statement": [
              {
                "actions": [
                  "ec2:DescribeAvailabilityZones",
                  "elasticfilesystem:DescribeAccessPoints",
                  "elasticfilesystem:DescribeFileSystems",
                  "elasticfilesystem:DescribeMountTargets"
                ],
                "condition": [],
                "effect": "Allow",
                "not_actions": [],
                "not_principals": [],
                "not_resources": [],
                "principals": [],
                "resources": [
                  "*"
                ],
                "sid": "EfsDescribe"
              },
              {
                "actions": [
                  "elasticfilesystem:CreateAccessPoint"
                ],
                "condition": [
                  {
                    "test": "StringLike",
                    "values": [
                      "true"
                    ],
                    "variable": "aws:RequestTag/efs.csi.aws.com/cluster"
                  }
                ],
                "effect": "Allow",
                "not_actions": [],
                "not_principals": [],
                "not_resources": [],
                "principals": [],
                "resources": [
                  "*"
                ],
                "sid": "EfsCreateAccessPoint"
              },
              {
                "actions": [
                  "elasticfilesystem:DeleteAccessPoint"
                ],
                "condition": [
                  {
                    "test": "StringEquals",
                    "values": [
                      "true"
                    ],
                    "variable": "aws:ResourceTag/efs.csi.aws.com/cluster"
                  }
                ],
                "effect": "Allow",
                "not_actions": [],
                "not_principals": [],
                "not_resources": [],
                "principals": [],
                "resources": [
                  "*"
                ],
                "sid": "EfsDeleteAccessPoint"
              },
              {
                "actions": [
                  "elasticfilesystem:ClientMount",
                  "elasticfilesystem:ClientWrite"
                ],
                "condition": [],
                "effect": "Allow",
                "not_actions": [],
                "not_principals": [],
                "not_resources": [],
                "principals": [],
                "resources": [
                  "*"
                ],
                "sid": "EfsClientMount"
              }
            ],
            "version": "2012-10-17"
          },
          "sensitive_attributes": [],
          "identity_schema_version": 0
        }
      ]
    },
    {
      "mode": "managed",
      "type": "aws_iam_policy",
      "name": "efs",
      "provider": "provider[\"registry.terraform.io/hashicorp/aws\"]",
      "instances": [
        {
          "schema_version": 0,
          "attributes": {
            "arn": "arn:aws:iam::314146331900:policy/EFSPolicy",
            "attachment_count": 1,
            "description": "Allow Unicorn Service to connect EFS",
            "id": "arn:aws:iam::314146331900:policy/EFSPolicy",
            "name": "EFSPolicy",
            "name_prefix": "",
            "path": "/",
            "policy": "{\"Statement\":[{\"Action\":[\"elasticfilesystem:DescribeMountTargets\",\"elasticfilesystem:DescribeFileSystems\",\"elasticfilesystem:DescribeAccessPoints\",\"ec2:DescribeAvailabilityZones\"],\"Effect\":\"Allow\",\"Resource\":\"*\",\"Sid\":\"EfsDescribe\"},{\"Action\":\"elasticfilesystem:CreateAccessPoint\",\"Condition\":{\"StringLike\":{\"aws:RequestTag/efs.csi.aws.com/cluster\":\"true\"}},\"Effect\":\"Allow\",\"Resource\":\"*\",\"Sid\":\"EfsCreateAccessPoint\"},{\"Action\":\"elasticfilesystem:DeleteAccessPoint\",\"Condition\":{\"StringEquals\":{\"aws:ResourceTag/efs.csi.aws.com/cluster\":\"true\"}},\"Effect\":\"Allow\",\"Resource\":\"*\",\"Sid\":\"EfsDeleteAccessPoint\"},{\"Action\":[\"elasticfilesystem:ClientWrite\",\"elasticfilesystem:ClientMount\"],\"Effect\":\"Allow\",\"Resource\":\"*\",\"Sid\":\"EfsClientMount\"}],\"Version\":\"2012-10-17\"}",
            "policy_id": "ANPAUSJEUTT6J5ZXAEUWT",
            "tags": {},
            "tags_all": {
              "ManagedBy": "terraform",
              "Project": "unicorn-gameday",
              "Purpose": "wsc2022-tp53-day2-starter-kit"
            }
          },
          "sensitive_attributes": [],
          "identity_schema_version": 0,
          "private": "bnVsbA==",
          "dependencies": [
            "data.aws_iam_policy_document.efs"
          ]
        }
      ]
    }
  ],
  "check_results": null
}
