{
  "version": 4,
  "terraform_version": "1.15.1",
  "serial": 166,
  "lineage": "19a095e5-2053-0c28-e5ce-e469b422b15d",
  "outputs": {
    "bastion_connect_command": {
      "value": "aws ssm start-session --target i-0ac035a871215def0 --region ap-southeast-1",
      "type": "string"
    },
    "bastion_instance_id": {
      "value": "i-0ac035a871215def0",
      "type": "string"
    },
    "bastion_subnet_id": {
      "value": "subnet-01e0d0cd474ac47fb",
      "type": "string"
    },
    "bastion_vpc_id": {
      "value": "vpc-080572dbdb6168feb",
      "type": "string"
    },
    "eks_cluster_role_arn": {
      "value": "arn:aws:iam::314146331900:role/EKSClusterRole",
      "type": "string"
    },
    "eks_node_role_arn": {
      "value": "arn:aws:iam::314146331900:role/EKSNodeRole",
      "type": "string"
    },
    "security_team_policy_arns": {
      "value": {
        "AutoScalerPolicy": "arn:aws:iam::314146331900:policy/AutoScalerPolicy",
        "EFSPolicy": "arn:aws:iam::314146331900:policy/EFSPolicy",
        "ELBControllerPolicy": "arn:aws:iam::314146331900:policy/ELBControllerPolicy",
        "UnicornPolicy": "arn:aws:iam::314146331900:policy/UnicornPolicy"
      },
      "type": [
        "object",
        {
          "AutoScalerPolicy": "string",
          "EFSPolicy": "string",
          "ELBControllerPolicy": "string",
          "UnicornPolicy": "string"
        }
      ]
    },
    "team_role_arn": {
      "value": "arn:aws:iam::314146331900:role/TeamRole",
      "type": "string"
    },
    "team_role_instance_profile_name": {
      "value": "TeamRoleInstanceProfile",
      "type": "string"
    }
  },
  "resources": [
    {
      "mode": "data",
      "type": "aws_ami",
      "name": "amazon_linux",
      "provider": "provider[\"registry.terraform.io/hashicorp/aws\"]",
      "instances": [
        {
          "schema_version": 0,
          "attributes": {
            "architecture": "x86_64",
            "arn": "arn:aws:ec2:ap-southeast-1::image/ami-0bda501dba2e3a0ba",
            "block_device_mappings": [
              {
                "device_name": "/dev/xvda",
                "ebs": {
                  "delete_on_termination": "true",
                  "encrypted": "false",
                  "iops": "3000",
                  "snapshot_id": "snap-0d7927cf048fe8cbe",
                  "throughput": "125",
                  "volume_initialization_rate": "0",
                  "volume_size": "30",
                  "volume_type": "gp3"
                },
                "no_device": "",
                "virtual_name": ""
              }
            ],
            "boot_mode": "uefi-preferred",
            "creation_date": "2026-08-06T00:49:30.000Z",
            "deprecation_time": "2028-08-06T00:49:30.000Z",
            "description": "Amazon Linux AMI 2023.0.20260805 x86_64 ECS HVM EBS",
            "ena_support": true,
            "executable_users": null,
            "filter": [
              {
                "name": "name",
                "values": [
                  "al2023-ami-*-x86_64"
                ]
              },
              {
                "name": "virtualization-type",
                "values": [
                  "hvm"
                ]
              }
            ],
            "hypervisor": "xen",
            "id": "ami-0bda501dba2e3a0ba",
            "image_id": "ami-0bda501dba2e3a0ba",
            "image_location": "amazon/al2023-ami-ecs-neuron-hvm-2023.0.20260805-kernel-6.1-x86_64",
            "image_owner_alias": "amazon",
            "image_type": "machine",
            "imds_support": "v2.0",
            "include_deprecated": false,
            "kernel_id": "",
            "last_launched_time": "",
            "most_recent": true,
            "name": "al2023-ami-ecs-neuron-hvm-2023.0.20260805-kernel-6.1-x86_64",
            "name_regex": null,
            "owner_id": "591542846629",
            "owners": [
              "amazon"
            ],
            "platform": "",
            "platform_details": "Linux/UNIX",
            "product_codes": [],
            "public": true,
            "ramdisk_id": "",
            "root_device_name": "/dev/xvda",
            "root_device_type": "ebs",
            "root_snapshot_id": "snap-0d7927cf048fe8cbe",
            "sriov_net_support": "simple",
            "state": "available",
            "state_reason": {
              "code": "UNSET",
              "message": "UNSET"
            },
            "tags": {},
            "timeouts": null,
            "tpm_support": "",
            "uefi_data": null,
            "usage_operation": "RunInstances",
            "virtualization_type": "hvm"
          },
          "sensitive_attributes": [],
          "identity_schema_version": 0
        }
      ]
    },
    {
      "mode": "data",
      "type": "aws_caller_identity",
      "name": "current",
      "provider": "provider[\"registry.terraform.io/hashicorp/aws\"]",
      "instances": [
        {
          "schema_version": 0,
          "attributes": {
            "account_id": "314146331900",
            "arn": "arn:aws:iam::314146331900:user/haydendoo",
            "id": "314146331900",
            "user_id": "AIDAUSJEUTT6E4MJNTDAG"
          },
          "sensitive_attributes": [],
          "identity_schema_version": 0
        }
      ]
    },
    {
      "mode": "data",
      "type": "aws_iam_policy_document",
      "name": "autoscaler",
      "provider": "provider[\"registry.terraform.io/hashicorp/aws\"]",
      "instances": [
        {
          "schema_version": 0,
          "attributes": {
            "id": "3150619771",
            "json": "{\n  \"Version\": \"2012-10-17\",\n  \"Statement\": [\n    {\n      \"Sid\": \"AutoscalerDescribe\",\n      \"Effect\": \"Allow\",\n      \"Action\": [\n        \"ec2:DescribeLaunchTemplateVersions\",\n        \"ec2:DescribeInstanceTypes\",\n        \"autoscaling:DescribeTags\",\n        \"autoscaling:DescribeScalingActivities\",\n        \"autoscaling:DescribeLaunchConfigurations\",\n        \"autoscaling:DescribeAutoScalingInstances\",\n        \"autoscaling:DescribeAutoScalingGroups\"\n      ],\n      \"Resource\": \"*\"\n    },\n    {\n      \"Sid\": \"AutoscalerMutate\",\n      \"Effect\": \"Allow\",\n      \"Action\": [\n        \"eks:DescribeNodegroup\",\n        \"ec2:DescribeImages\",\n        \"autoscaling:TerminateInstanceInAutoScalingGroup\",\n        \"autoscaling:SetDesiredCapacity\"\n      ],\n      \"Resource\": \"*\"\n    }\n  ]\n}",
            "minified_json": "{\"Version\":\"2012-10-17\",\"Statement\":[{\"Sid\":\"AutoscalerDescribe\",\"Effect\":\"Allow\",\"Action\":[\"ec2:DescribeLaunchTemplateVersions\",\"ec2:DescribeInstanceTypes\",\"autoscaling:DescribeTags\",\"autoscaling:DescribeScalingActivities\",\"autoscaling:DescribeLaunchConfigurations\",\"autoscaling:DescribeAutoScalingInstances\",\"autoscaling:DescribeAutoScalingGroups\"],\"Resource\":\"*\"},{\"Sid\":\"AutoscalerMutate\",\"Effect\":\"Allow\",\"Action\":[\"eks:DescribeNodegroup\",\"ec2:DescribeImages\",\"autoscaling:TerminateInstanceInAutoScalingGroup\",\"autoscaling:SetDesiredCapacity\"],\"Resource\":\"*\"}]}",
            "override_json": null,
            "override_policy_documents": null,
            "policy_id": null,
            "source_json": null,
            "source_policy_documents": null,
            "statement": [
              {
                "actions": [
                  "autoscaling:DescribeAutoScalingGroups",
                  "autoscaling:DescribeAutoScalingInstances",
                  "autoscaling:DescribeLaunchConfigurations",
                  "autoscaling:DescribeScalingActivities",
                  "autoscaling:DescribeTags",
                  "ec2:DescribeInstanceTypes",
                  "ec2:DescribeLaunchTemplateVersions"
                ],
                "condition": [],
                "effect": "Allow",
                "not_actions": [],
                "not_principals": [],
                "not_resources": [],
                "principals": [],
                "resources": [
                  "*"
                ],
                "sid": "AutoscalerDescribe"
              },
              {
                "actions": [
                  "autoscaling:SetDesiredCapacity",
                  "autoscaling:TerminateInstanceInAutoScalingGroup",
                  "ec2:DescribeImages",
                  "eks:DescribeNodegroup"
                ],
                "condition": [],
                "effect": "Allow",
                "not_actions": [],
                "not_principals": [],
                "not_resources": [],
                "principals": [],
                "resources": [
                  "*"
                ],
                "sid": "AutoscalerMutate"
              }
            ],
            "version": "2012-10-17"
          },
          "sensitive_attributes": [],
          "identity_schema_version": 0
        }
      ]
    },
    {
      "mode": "data",
      "type": "aws_iam_policy_document",
      "name": "efs",
      "provider": "provider[\"registry.terraform.io/hashicorp/aws\"]",
      "instances": [
        {
          "schema_version": 0,
          "attributes": {
            "id": "1887363532",
            "json": "{\n  \"Version\": \"2012-10-17\",\n  \"Statement\": [\n    {\n      \"Sid\": \"EfsDescribe\",\n      \"Effect\": \"Allow\",\n      \"Action\": [\n        \"elasticfilesystem:DescribeMountTargets\",\n        \"elasticfilesystem:DescribeFileSystems\",\n        \"elasticfilesystem:DescribeAccessPoints\",\n        \"ec2:DescribeAvailabilityZones\"\n      ],\n      \"Resource\": \"*\"\n    },\n    {\n      \"Sid\": \"EfsCreateAccessPoint\",\n      \"Effect\": \"Allow\",\n      \"Action\": \"elasticfilesystem:CreateAccessPoint\",\n      \"Resource\": \"*\",\n      \"Condition\": {\n        \"StringLike\": {\n          \"aws:RequestTag/efs.csi.aws.com/cluster\": \"true\"\n        }\n      }\n    },\n    {\n      \"Sid\": \"EfsDeleteAccessPoint\",\n      \"Effect\": \"Allow\",\n      \"Action\": \"elasticfilesystem:DeleteAccessPoint\",\n      \"Resource\": \"*\",\n      \"Condition\": {\n        \"StringEquals\": {\n          \"aws:ResourceTag/efs.csi.aws.com/cluster\": \"true\"\n        }\n      }\n    },\n    {\n      \"Sid\": \"EfsClientMount\",\n      \"Effect\": \"Allow\",\n      \"Action\": [\n        \"elasticfilesystem:ClientWrite\",\n        \"elasticfilesystem:ClientMount\"\n      ],\n      \"Resource\": \"*\"\n    }\n  ]\n}",
            "minified_json": "{\"Version\":\"2012-10-17\",\"Statement\":[{\"Sid\":\"EfsDescribe\",\"Effect\":\"Allow\",\"Action\":[\"elasticfilesystem:DescribeMountTargets\",\"elasticfilesystem:DescribeFileSystems\",\"elasticfilesystem:DescribeAccessPoints\",\"ec2:DescribeAvailabilityZones\"],\"Resource\":\"*\"},{\"Sid\":\"EfsCreateAccessPoint\",\"Effect\":\"Allow\",\"Action\":\"elasticfilesystem:CreateAccessPoint\",\"Resource\":\"*\",\"Condition\":{\"StringLike\":{\"aws:RequestTag/efs.csi.aws.com/cluster\":\"true\"}}},{\"Sid\":\"EfsDeleteAccessPoint\",\"Effect\":\"Allow\",\"Action\":\"elasticfilesystem:DeleteAccessPoint\",\"Resource\":\"*\",\"Condition\":{\"StringEquals\":{\"aws:ResourceTag/efs.csi.aws.com/cluster\":\"true\"}}},{\"Sid\":\"EfsClientMount\",\"Effect\":\"Allow\",\"Action\":[\"elasticfilesystem:ClientWrite\",\"elasticfilesystem:ClientMount\"],\"Resource\":\"*\"}]}",
            "override_json": null,
            "override_policy_documents": null,
            "policy_id": null,
            "source_json": null,
            "source_policy_documents": null,
            "statement": [
              {
                "actions": [
                  "ec2:DescribeAvailabilityZones",
                  "elasticfilesystem:DescribeAccessPoints",
                  "elasticfilesystem:DescribeFileSystems",
                  "elasticfilesystem:DescribeMountTargets"
                ],
                "condition": [],
                "effect": "Allow",
                "not_actions": [],
                "not_principals": [],
                "not_resources": [],
                "principals": [],
                "resources": [
                  "*"
                ],
                "sid": "EfsDescribe"
              },
              {
                "actions": [
                  "elasticfilesystem:CreateAccessPoint"
                ],
                "condition": [
                  {
                    "test": "StringLike",
                    "values": [
                      "true"
                    ],
                    "variable": "aws:RequestTag/efs.csi.aws.com/cluster"
                  }
                ],
                "effect": "Allow",
                "not_actions": [],
                "not_principals": [],
                "not_resources": [],
                "principals": [],
                "resources": [
                  "*"
                ],
                "sid": "EfsCreateAccessPoint"
              },
              {
                "actions": [
                  "elasticfilesystem:DeleteAccessPoint"
                ],
                "condition": [
                  {
                    "test": "StringEquals",
                    "values": [
                      "true"
                    ],
                    "variable": "aws:ResourceTag/efs.csi.aws.com/cluster"
                  }
                ],
                "effect": "Allow",
                "not_actions": [],
                "not_principals": [],
                "not_resources": [],
                "principals": [],
                "resources": [
                  "*"
                ],
                "sid": "EfsDeleteAccessPoint"
              },
              {
                "actions": [
                  "elasticfilesystem:ClientMount",
                  "elasticfilesystem:ClientWrite"
                ],
                "condition": [],
                "effect": "Allow",
                "not_actions": [],
                "not_principals": [],
                "not_resources": [],
                "principals": [],
                "resources": [
                  "*"
                ],
                "sid": "EfsClientMount"
              }
            ],
            "version": "2012-10-17"
          },
          "sensitive_attributes": [],
          "identity_schema_version": 0
        }
      ]
    },
    {
      "mode": "data",
      "type": "aws_iam_policy_document",
      "name": "eks_cluster_trust",
      "provider": "provider[\"registry.terraform.io/hashicorp/aws\"]",
      "instances": [
        {
          "schema_version": 0,
          "attributes": {
            "id": "3552664922",
            "json": "{\n  \"Version\": \"2012-10-17\",\n  \"Statement\": [\n    {\n      \"Effect\": \"Allow\",\n      \"Action\": \"sts:AssumeRole\",\n      \"Principal\": {\n        \"Service\": \"eks.amazonaws.com\"\n      }\n    }\n  ]\n}",
            "minified_json": "{\"Version\":\"2012-10-17\",\"Statement\":[{\"Effect\":\"Allow\",\"Action\":\"sts:AssumeRole\",\"Principal\":{\"Service\":\"eks.amazonaws.com\"}}]}",
            "override_json": null,
            "override_policy_documents": null,
            "policy_id": null,
            "source_json": null,
            "source_policy_documents": null,
            "statement": [
              {
                "actions": [
                  "sts:AssumeRole"
                ],
                "condition": [],
                "effect": "Allow",
                "not_actions": [],
                "not_principals": [],
                "not_resources": [],
                "principals": [
                  {
                    "identifiers": [
                      "eks.amazonaws.com"
                    ],
                    "type": "Service"
                  }
                ],
                "resources": [],
                "sid": ""
              }
            ],
            "version": "2012-10-17"
          },
          "sensitive_attributes": [],
          "identity_schema_version": 0
        }
      ]
    },
    {
      "mode": "data",
      "type": "aws_iam_policy_document",
      "name": "eks_node_trust",
      "provider": "provider[\"registry.terraform.io/hashicorp/aws\"]",
      "instances": [
        {
          "schema_version": 0,
          "attributes": {
            "id": "2851119427",
            "json": "{\n  \"Version\": \"2012-10-17\",\n  \"Statement\": [\n    {\n      \"Effect\": \"Allow\",\n      \"Action\": \"sts:AssumeRole\",\n      \"Principal\": {\n        \"Service\": \"ec2.amazonaws.com\"\n      }\n    }\n  ]\n}",
            "minified_json": "{\"Version\":\"2012-10-17\",\"Statement\":[{\"Effect\":\"Allow\",\"Action\":\"sts:AssumeRole\",\"Principal\":{\"Service\":\"ec2.amazonaws.com\"}}]}",
            "override_json": null,
            "override_policy_documents": null,
            "policy_id": null,
            "source_json": null,
            "source_policy_documents": null,
            "statement": [
              {
                "actions": [
                  "sts:AssumeRole"
                ],
                "condition": [],
                "effect": "Allow",
                "not_actions": [],
                "not_principals": [],
                "not_resources": [],
                "principals": [
                  {
                    "identifiers": [
                      "ec2.amazonaws.com"
                    ],
                    "type": "Service"
                  }
                ],
                "resources": [],
                "sid": ""
              }
            ],
            "version": "2012-10-17"
          },
          "sensitive_attributes": [],
          "identity_schema_version": 0
        }
      ]
    },
    {
      "mode": "data",
      "type": "aws_iam_policy_document",
      "name": "team_role_baseline",
      "provider": "provider[\"registry.terraform.io/hashicorp/aws\"]",
      "instances": [
        {
          "schema_version": 0,
          "attributes": {
            "id": "3819737197",
            "json": "{\n  \"Version\": \"2012-10-17\",\n  \"Statement\": [\n    {\n      \"Sid\": \"ComputeAndNetworking\",\n      \"Effect\": \"Allow\",\n      \"Action\": [\n        \"elasticloadbalancing:*\",\n        \"ec2:*\",\n        \"autoscaling:*\"\n      ],\n      \"Resource\": \"*\"\n    },\n    {\n      \"Sid\": \"ContainersAndOrchestration\",\n      \"Effect\": \"Allow\",\n      \"Action\": [\n        \"eks:*\",\n        \"ecr:*\"\n      ],\n      \"Resource\": \"*\"\n    },\n    {\n      \"Sid\": \"DataAndStorage\",\n      \"Effect\": \"Allow\",\n      \"Action\": [\n        \"s3:*\",\n        \"rds:*\",\n        \"elasticfilesystem:*\",\n        \"elasticache:*\"\n      ],\n      \"Resource\": \"*\"\n    },\n    {\n      \"Sid\": \"ConfigurationAndSecrets\",\n      \"Effect\": \"Allow\",\n      \"Action\": [\n        \"secretsmanager:*\",\n        \"appconfig:*\"\n      ],\n      \"Resource\": \"*\"\n    },\n    {\n      \"Sid\": \"ObservabilityAndVersioning\",\n      \"Effect\": \"Allow\",\n      \"Action\": [\n        \"logs:*\",\n        \"cloudwatch:*\"\n      ],\n      \"Resource\": \"*\"\n    },\n    {\n      \"Sid\": \"ScopedIamForSolutionRoles\",\n      \"Effect\": \"Allow\",\n      \"Action\": [\n        \"iam:UpdateRole\",\n        \"iam:UpdateAssumeRolePolicy\",\n        \"iam:UntagRole\",\n        \"iam:TagRole\",\n        \"iam:TagOpenIDConnectProvider\",\n        \"iam:RemoveRoleFromInstanceProfile\",\n        \"iam:PutRolePolicy\",\n        \"iam:PassRole\",\n        \"iam:ListRoles\",\n        \"iam:ListRolePolicies\",\n        \"iam:ListPolicyVersions\",\n        \"iam:ListPolicies\",\n        \"iam:ListOpenIDConnectProviders\",\n        \"iam:ListInstanceProfilesForRole\",\n        \"iam:ListInstanceProfiles\",\n        \"iam:ListAttachedRolePolicies\",\n        \"iam:GetRolePolicy\",\n        \"iam:GetRole\",\n        \"iam:GetPolicyVersion\",\n        \"iam:GetPolicy\",\n        \"iam:GetOpenIDConnectProvider\",\n        \"iam:GetInstanceProfile\",\n        \"iam:DetachRolePolicy\",\n        \"iam:DeleteRolePolicy\",\n        \"iam:DeleteRole\",\n        \"iam:DeletePolicyVersion\",\n        \"iam:DeletePolicy\",\n        \"iam:DeleteOpenIDConnectProvider\",\n        \"iam:DeleteInstanceProfile\",\n        \"iam:CreateRole\",\n        \"iam:CreatePolicyVersion\",\n        \"iam:CreatePolicy\",\n        \"iam:CreateOpenIDConnectProvider\",\n        \"iam:CreateInstanceProfile\",\n        \"iam:AttachRolePolicy\",\n        \"iam:AddRoleToInstanceProfile\"\n      ],\n      \"NotResource\": [\n        \"arn:aws:iam::314146331900:role/TeamRole\",\n        \"arn:aws:iam::314146331900:instance-profile/TeamRoleInstanceProfile\"\n      ]\n    }\n  ]\n}",
            "minified_json": "{\"Version\":\"2012-10-17\",\"Statement\":[{\"Sid\":\"ComputeAndNetworking\",\"Effect\":\"Allow\",\"Action\":[\"elasticloadbalancing:*\",\"ec2:*\",\"autoscaling:*\"],\"Resource\":\"*\"},{\"Sid\":\"ContainersAndOrchestration\",\"Effect\":\"Allow\",\"Action\":[\"eks:*\",\"ecr:*\"],\"Resource\":\"*\"},{\"Sid\":\"DataAndStorage\",\"Effect\":\"Allow\",\"Action\":[\"s3:*\",\"rds:*\",\"elasticfilesystem:*\",\"elasticache:*\"],\"Resource\":\"*\"},{\"Sid\":\"ConfigurationAndSecrets\",\"Effect\":\"Allow\",\"Action\":[\"secretsmanager:*\",\"appconfig:*\"],\"Resource\":\"*\"},{\"Sid\":\"ObservabilityAndVersioning\",\"Effect\":\"Allow\",\"Action\":[\"logs:*\",\"cloudwatch:*\"],\"Resource\":\"*\"},{\"Sid\":\"ScopedIamForSolutionRoles\",\"Effect\":\"Allow\",\"Action\":[\"iam:UpdateRole\",\"iam:UpdateAssumeRolePolicy\",\"iam:UntagRole\",\"iam:TagRole\",\"iam:TagOpenIDConnectProvider\",\"iam:RemoveRoleFromInstanceProfile\",\"iam:PutRolePolicy\",\"iam:PassRole\",\"iam:ListRoles\",\"iam:ListRolePolicies\",\"iam:ListPolicyVersions\",\"iam:ListPolicies\",\"iam:ListOpenIDConnectProviders\",\"iam:ListInstanceProfilesForRole\",\"iam:ListInstanceProfiles\",\"iam:ListAttachedRolePolicies\",\"iam:GetRolePolicy\",\"iam:GetRole\",\"iam:GetPolicyVersion\",\"iam:GetPolicy\",\"iam:GetOpenIDConnectProvider\",\"iam:GetInstanceProfile\",\"iam:DetachRolePolicy\",\"iam:DeleteRolePolicy\",\"iam:DeleteRole\",\"iam:DeletePolicyVersion\",\"iam:DeletePolicy\",\"iam:DeleteOpenIDConnectProvider\",\"iam:DeleteInstanceProfile\",\"iam:CreateRole\",\"iam:CreatePolicyVersion\",\"iam:CreatePolicy\",\"iam:CreateOpenIDConnectProvider\",\"iam:CreateInstanceProfile\",\"iam:AttachRolePolicy\",\"iam:AddRoleToInstanceProfile\"],\"NotResource\":[\"arn:aws:iam::314146331900:role/TeamRole\",\"arn:aws:iam::314146331900:instance-profile/TeamRoleInstanceProfile\"]}]}",
            "override_json": null,
            "override_policy_documents": null,
            "policy_id": null,
            "source_json": null,
            "source_policy_documents": null,
            "statement": [
              {
                "actions": [
                  "autoscaling:*",
                  "ec2:*",
                  "elasticloadbalancing:*"
                ],
                "condition": [],
                "effect": "Allow",
                "not_actions": [],
                "not_principals": [],
                "not_resources": [],
                "principals": [],
                "resources": [
                  "*"
                ],
                "sid": "ComputeAndNetworking"
              },
              {
                "actions": [
                  "ecr:*",
                  "eks:*"
                ],
                "condition": [],
                "effect": "Allow",
                "not_actions": [],
                "not_principals": [],
                "not_resources": [],
                "principals": [],
                "resources": [
                  "*"
                ],
                "sid": "ContainersAndOrchestration"
              },
              {
                "actions": [
                  "elasticache:*",
                  "elasticfilesystem:*",
                  "rds:*",
                  "s3:*"
                ],
                "condition": [],
                "effect": "Allow",
                "not_actions": [],
                "not_principals": [],
                "not_resources": [],
                "principals": [],
                "resources": [
                  "*"
                ],
                "sid": "DataAndStorage"
              },
              {
                "actions": [
                  "appconfig:*",
                  "secretsmanager:*"
                ],
                "condition": [],
                "effect": "Allow",
                "not_actions": [],
                "not_principals": [],
                "not_resources": [],
                "principals": [],
                "resources": [
                  "*"
                ],
                "sid": "ConfigurationAndSecrets"
              },
              {
                "actions": [
                  "cloudwatch:*",
                  "logs:*"
                ],
                "condition": [],
                "effect": "Allow",
                "not_actions": [],
                "not_principals": [],
                "not_resources": [],
                "principals": [],
                "resources": [
                  "*"
                ],
                "sid": "ObservabilityAndVersioning"
              },
              {
                "actions": [
                  "iam:AddRoleToInstanceProfile",
                  "iam:AttachRolePolicy",
                  "iam:CreateInstanceProfile",
                  "iam:CreateOpenIDConnectProvider",
                  "iam:CreatePolicy",
                  "iam:CreatePolicyVersion",
                  "iam:CreateRole",
                  "iam:DeleteInstanceProfile",
                  "iam:DeleteOpenIDConnectProvider",
                  "iam:DeletePolicy",
                  "iam:DeletePolicyVersion",
                  "iam:DeleteRole",
                  "iam:DeleteRolePolicy",
                  "iam:DetachRolePolicy",
                  "iam:GetInstanceProfile",
                  "iam:GetOpenIDConnectProvider",
                  "iam:GetPolicy",
                  "iam:GetPolicyVersion",
                  "iam:GetRole",
                  "iam:GetRolePolicy",
                  "iam:ListAttachedRolePolicies",
                  "iam:ListInstanceProfiles",
                  "iam:ListInstanceProfilesForRole",
                  "iam:ListOpenIDConnectProviders",
                  "iam:ListPolicies",
                  "iam:ListPolicyVersions",
                  "iam:ListRolePolicies",
                  "iam:ListRoles",
                  "iam:PassRole",
                  "iam:PutRolePolicy",
                  "iam:RemoveRoleFromInstanceProfile",
                  "iam:TagOpenIDConnectProvider",
                  "iam:TagRole",
                  "iam:UntagRole",
                  "iam:UpdateAssumeRolePolicy",
                  "iam:UpdateRole"
                ],
                "condition": [],
                "effect": "Allow",
                "not_actions": [],
                "not_principals": [],
                "not_resources": [
                  "arn:aws:iam::314146331900:instance-profile/TeamRoleInstanceProfile",
                  "arn:aws:iam::314146331900:role/TeamRole"
                ],
                "principals": [],
                "resources": [],
                "sid": "ScopedIamForSolutionRoles"
              }
            ],
            "version": "2012-10-17"
          },
          "sensitive_attributes": [],
          "identity_schema_version": 0
        }
      ]
    },
    {
      "mode": "data",
      "type": "aws_iam_policy_document",
      "name": "team_role_trust",
      "provider": "provider[\"registry.terraform.io/hashicorp/aws\"]",
      "instances": [
        {
          "schema_version": 0,
          "attributes": {
            "id": "2851119427",
            "json": "{\n  \"Version\": \"2012-10-17\",\n  \"Statement\": [\n    {\n      \"Effect\": \"Allow\",\n      \"Action\": \"sts:AssumeRole\",\n      \"Principal\": {\n        \"Service\": \"ec2.amazonaws.com\"\n      }\n    }\n  ]\n}",
            "minified_json": "{\"Version\":\"2012-10-17\",\"Statement\":[{\"Effect\":\"Allow\",\"Action\":\"sts:AssumeRole\",\"Principal\":{\"Service\":\"ec2.amazonaws.com\"}}]}",
            "override_json": null,
            "override_policy_documents": null,
            "policy_id": null,
            "source_json": null,
            "source_policy_documents": null,
            "statement": [
              {
                "actions": [
                  "sts:AssumeRole"
                ],
                "condition": [],
                "effect": "Allow",
                "not_actions": [],
                "not_principals": [],
                "not_resources": [],
                "principals": [
                  {
                    "identifiers": [
                      "ec2.amazonaws.com"
                    ],
                    "type": "Service"
                  }
                ],
                "resources": [],
                "sid": ""
              }
            ],
            "version": "2012-10-17"
          },
          "sensitive_attributes": [],
          "identity_schema_version": 0
        }
      ]
    },
    {
      "mode": "data",
      "type": "aws_iam_policy_document",
      "name": "unicorn",
      "provider": "provider[\"registry.terraform.io/hashicorp/aws\"]",
      "instances": [
        {
          "schema_version": 0,
          "attributes": {
            "id": "3823244446",
            "json": "{\n  \"Version\": \"2012-10-17\",\n  \"Statement\": [\n    {\n      \"Sid\": \"AppConfigRead\",\n      \"Effect\": \"Allow\",\n      \"Action\": [\n        \"appconfig:StartConfigurationSession\",\n        \"appconfig:GetLatestConfiguration\",\n        \"appconfig:GetConfiguration\"\n      ],\n      \"Resource\": \"arn:aws:appconfig:ap-southeast-1:314146331900:application/*\"\n    },\n    {\n      \"Sid\": \"RefundBucketAccess\",\n      \"Effect\": \"Allow\",\n      \"Action\": [\n        \"s3:PutObject\",\n        \"s3:GetObject\"\n      ],\n      \"Resource\": \"arn:aws:s3:::unicorn-*/*\"\n    },\n    {\n      \"Sid\": \"RefundBucketList\",\n      \"Effect\": \"Allow\",\n      \"Action\": \"s3:ListBucket\",\n      \"Resource\": \"arn:aws:s3:::unicorn-*\"\n    },\n    {\n      \"Sid\": \"DBSecretRead\",\n      \"Effect\": \"Allow\",\n      \"Action\": [\n        \"secretsmanager:GetSecretValue\",\n        \"secretsmanager:DescribeSecret\"\n      ],\n      \"Resource\": \"arn:aws:secretsmanager:ap-southeast-1:314146331900:secret:unicorn-*\"\n    }\n  ]\n}",
            "minified_json": "{\"Version\":\"2012-10-17\",\"Statement\":[{\"Sid\":\"AppConfigRead\",\"Effect\":\"Allow\",\"Action\":[\"appconfig:StartConfigurationSession\",\"appconfig:GetLatestConfiguration\",\"appconfig:GetConfiguration\"],\"Resource\":\"arn:aws:appconfig:ap-southeast-1:314146331900:application/*\"},{\"Sid\":\"RefundBucketAccess\",\"Effect\":\"Allow\",\"Action\":[\"s3:PutObject\",\"s3:GetObject\"],\"Resource\":\"arn:aws:s3:::unicorn-*/*\"},{\"Sid\":\"RefundBucketList\",\"Effect\":\"Allow\",\"Action\":\"s3:ListBucket\",\"Resource\":\"arn:aws:s3:::unicorn-*\"},{\"Sid\":\"DBSecretRead\",\"Effect\":\"Allow\",\"Action\":[\"secretsmanager:GetSecretValue\",\"secretsmanager:DescribeSecret\"],\"Resource\":\"arn:aws:secretsmanager:ap-southeast-1:314146331900:secret:unicorn-*\"}]}",
            "override_json": null,
            "override_policy_documents": null,
            "policy_id": null,
            "source_json": null,
            "source_policy_documents": null,
            "statement": [
              {
                "actions": [
                  "appconfig:GetConfiguration",
                  "appconfig:GetLatestConfiguration",
                  "appconfig:StartConfigurationSession"
                ],
                "condition": [],
                "effect": "Allow",
                "not_actions": [],
                "not_principals": [],
                "not_resources": [],
                "principals": [],
                "resources": [
                  "arn:aws:appconfig:ap-southeast-1:314146331900:application/*"
                ],
                "sid": "AppConfigRead"
              },
              {
                "actions": [
                  "s3:GetObject",
                  "s3:PutObject"
                ],
                "condition": [],
                "effect": "Allow",
                "not_actions": [],
                "not_principals": [],
                "not_resources": [],
                "principals": [],
                "resources": [
                  "arn:aws:s3:::unicorn-*/*"
                ],
                "sid": "RefundBucketAccess"
              },
              {
                "actions": [
                  "s3:ListBucket"
                ],
                "condition": [],
                "effect": "Allow",
                "not_actions": [],
                "not_principals": [],
                "not_resources": [],
                "principals": [],
                "resources": [
                  "arn:aws:s3:::unicorn-*"
                ],
                "sid": "RefundBucketList"
              },
              {
                "actions": [
                  "secretsmanager:DescribeSecret",
                  "secretsmanager:GetSecretValue"
                ],
                "condition": [],
                "effect": "Allow",
                "not_actions": [],
                "not_principals": [],
                "not_resources": [],
                "principals": [],
                "resources": [
                  "arn:aws:secretsmanager:ap-southeast-1:314146331900:secret:unicorn-*"
                ],
                "sid": "DBSecretRead"
              }
            ],
            "version": "2012-10-17"
          },
          "sensitive_attributes": [],
          "identity_schema_version": 0
        }
      ]
    },
    {
      "mode": "data",
      "type": "aws_partition",
      "name": "current",
      "provider": "provider[\"registry.terraform.io/hashicorp/aws\"]",
      "instances": [
        {
          "schema_version": 0,
          "attributes": {
            "dns_suffix": "amazonaws.com",
            "id": "aws",
            "partition": "aws",
            "reverse_dns_prefix": "com.amazonaws"
          },
          "sensitive_attributes": [],
          "identity_schema_version": 0
        }
      ]
    },
    {
      "mode": "managed",
      "type": "aws_iam_instance_profile",
      "name": "team_role",
      "provider": "provider[\"registry.terraform.io/hashicorp/aws\"]",
      "instances": [
        {
          "schema_version": 0,
          "attributes": {
            "arn": "arn:aws:iam::314146331900:instance-profile/TeamRoleInstanceProfile",
            "create_date": "2026-08-12T08:59:49Z",
            "id": "TeamRoleInstanceProfile",
            "name": "TeamRoleInstanceProfile",
            "name_prefix": "",
            "path": "/",
            "role": "TeamRole",
            "tags": null,
            "tags_all": {
              "ManagedBy": "terraform",
              "Project": "unicorn-gameday",
              "Purpose": "wsc2022-tp53-day2-starter-kit"
            },
            "unique_id": "AIPAUSJEUTT6DH4JA3VBJ"
          },
          "sensitive_attributes": [],
          "identity_schema_version": 0,
          "private": "bnVsbA==",
          "dependencies": [
            "aws_iam_role.team_role",
            "data.aws_iam_policy_document.team_role_trust"
          ]
        }
      ]
    },
    {
      "mode": "managed",
      "type": "aws_iam_policy",
      "name": "autoscaler",
      "provider": "provider[\"registry.terraform.io/hashicorp/aws\"]",
      "instances": [
        {
          "schema_version": 0,
          "attributes": {
            "arn": "arn:aws:iam::314146331900:policy/AutoScalerPolicy",
            "attachment_count": 0,
            "description": "Allow EKS automatically adjusts the number of nodes in your cluster (Cluster Autoscaler)",
            "id": "arn:aws:iam::314146331900:policy/AutoScalerPolicy",
            "name": "AutoScalerPolicy",
            "name_prefix": "",
            "path": "/",
            "policy": "{\"Statement\":[{\"Action\":[\"ec2:DescribeLaunchTemplateVersions\",\"ec2:DescribeInstanceTypes\",\"autoscaling:DescribeTags\",\"autoscaling:DescribeScalingActivities\",\"autoscaling:DescribeLaunchConfigurations\",\"autoscaling:DescribeAutoScalingInstances\",\"autoscaling:DescribeAutoScalingGroups\"],\"Effect\":\"Allow\",\"Resource\":\"*\",\"Sid\":\"AutoscalerDescribe\"},{\"Action\":[\"eks:DescribeNodegroup\",\"ec2:DescribeImages\",\"autoscaling:TerminateInstanceInAutoScalingGroup\",\"autoscaling:SetDesiredCapacity\"],\"Effect\":\"Allow\",\"Resource\":\"*\",\"Sid\":\"AutoscalerMutate\"}],\"Version\":\"2012-10-17\"}",
            "policy_id": "ANPAUSJEUTT6MTHQWSITK",
            "tags": null,
            "tags_all": {
              "ManagedBy": "terraform",
              "Project": "unicorn-gameday",
              "Purpose": "wsc2022-tp53-day2-starter-kit"
            }
          },
          "sensitive_attributes": [],
          "identity_schema_version": 0,
          "private": "bnVsbA==",
          "dependencies": [
            "data.aws_iam_policy_document.autoscaler"
          ]
        }
      ]
    },
    {
      "mode": "managed",
      "type": "aws_iam_policy",
      "name": "efs",
      "provider": "provider[\"registry.terraform.io/hashicorp/aws\"]",
      "instances": [
        {
          "schema_version": 0,
          "attributes": {
            "arn": "arn:aws:iam::314146331900:policy/EFSPolicy",
            "attachment_count": 0,
            "description": "Allow Unicorn Service to connect EFS",
            "id": "arn:aws:iam::314146331900:policy/EFSPolicy",
            "name": "EFSPolicy",
            "name_prefix": "",
            "path": "/",
            "policy": "{\"Statement\":[{\"Action\":[\"elasticfilesystem:DescribeMountTargets\",\"elasticfilesystem:DescribeFileSystems\",\"elasticfilesystem:DescribeAccessPoints\",\"ec2:DescribeAvailabilityZones\"],\"Effect\":\"Allow\",\"Resource\":\"*\",\"Sid\":\"EfsDescribe\"},{\"Action\":\"elasticfilesystem:CreateAccessPoint\",\"Condition\":{\"StringLike\":{\"aws:RequestTag/efs.csi.aws.com/cluster\":\"true\"}},\"Effect\":\"Allow\",\"Resource\":\"*\",\"Sid\":\"EfsCreateAccessPoint\"},{\"Action\":\"elasticfilesystem:DeleteAccessPoint\",\"Condition\":{\"StringEquals\":{\"aws:ResourceTag/efs.csi.aws.com/cluster\":\"true\"}},\"Effect\":\"Allow\",\"Resource\":\"*\",\"Sid\":\"EfsDeleteAccessPoint\"},{\"Action\":[\"elasticfilesystem:ClientWrite\",\"elasticfilesystem:ClientMount\"],\"Effect\":\"Allow\",\"Resource\":\"*\",\"Sid\":\"EfsClientMount\"}],\"Version\":\"2012-10-17\"}",
            "policy_id": "ANPAUSJEUTT6ABQ3ITGYT",
            "tags": null,
            "tags_all": {
              "ManagedBy": "terraform",
              "Project": "unicorn-gameday",
              "Purpose": "wsc2022-tp53-day2-starter-kit"
            }
          },
          "sensitive_attributes": [],
          "identity_schema_version": 0,
          "private": "bnVsbA==",
          "dependencies": [
            "data.aws_iam_policy_document.efs"
          ]
        }
      ]
    },
    {
      "mode": "managed",
      "type": "aws_iam_policy",
      "name": "elb_controller",
      "provider": "provider[\"registry.terraform.io/hashicorp/aws\"]",
      "instances": [
        {
          "schema_version": 0,
          "attributes": {
            "arn": "arn:aws:iam::314146331900:policy/ELBControllerPolicy",
            "attachment_count": 0,
            "description": "Required by AWS Load Balancer Controller if you want to use it",
            "id": "arn:aws:iam::314146331900:policy/ELBControllerPolicy",
            "name": "ELBControllerPolicy",
            "name_prefix": "",
            "path": "/",
            "policy": "{\"Statement\":[{\"Action\":[\"iam:CreateServiceLinkedRole\"],\"Condition\":{\"StringEquals\":{\"iam:AWSServiceName\":\"elasticloadbalancing.amazonaws.com\"}},\"Effect\":\"Allow\",\"Resource\":\"*\"},{\"Action\":[\"ec2:DescribeAccountAttributes\",\"ec2:DescribeAddresses\",\"ec2:DescribeAvailabilityZones\",\"ec2:DescribeInternetGateways\",\"ec2:DescribeVpcs\",\"ec2:DescribeVpcPeeringConnections\",\"ec2:DescribeSubnets\",\"ec2:DescribeSecurityGroups\",\"ec2:DescribeInstances\",\"ec2:DescribeNetworkInterfaces\",\"ec2:DescribeTags\",\"ec2:GetCoipPoolUsage\",\"ec2:DescribeCoipPools\",\"elasticloadbalancing:DescribeLoadBalancers\",\"elasticloadbalancing:DescribeLoadBalancerAttributes\",\"elasticloadbalancing:DescribeListeners\",\"elasticloadbalancing:DescribeListenerCertificates\",\"elasticloadbalancing:DescribeSSLPolicies\",\"elasticloadbalancing:DescribeRules\",\"elasticloadbalancing:DescribeTargetGroups\",\"elasticloadbalancing:DescribeTargetGroupAttributes\",\"elasticloadbalancing:DescribeTargetHealth\",\"elasticloadbalancing:DescribeTags\"],\"Effect\":\"Allow\",\"Resource\":\"*\"},{\"Action\":[\"cognito-idp:DescribeUserPoolClient\",\"acm:ListCertificates\",\"acm:DescribeCertificate\",\"iam:ListServerCertificates\",\"iam:GetServerCertificate\",\"waf-regional:GetWebACL\",\"waf-regional:GetWebACLForResource\",\"waf-regional:AssociateWebACL\",\"waf-regional:DisassociateWebACL\",\"wafv2:GetWebACL\",\"wafv2:GetWebACLForResource\",\"wafv2:AssociateWebACL\",\"wafv2:DisassociateWebACL\",\"shield:GetSubscriptionState\",\"shield:DescribeProtection\",\"shield:CreateProtection\",\"shield:DeleteProtection\"],\"Effect\":\"Allow\",\"Resource\":\"*\"},{\"Action\":[\"ec2:AuthorizeSecurityGroupIngress\",\"ec2:RevokeSecurityGroupIngress\"],\"Effect\":\"Allow\",\"Resource\":\"*\"},{\"Action\":[\"ec2:CreateSecurityGroup\"],\"Effect\":\"Allow\",\"Resource\":\"*\"},{\"Action\":[\"ec2:CreateTags\"],\"Condition\":{\"Null\":{\"aws:RequestTag/elbv2.k8s.aws/cluster\":\"false\"},\"StringEquals\":{\"ec2:CreateAction\":\"CreateSecurityGroup\"}},\"Effect\":\"Allow\",\"Resource\":\"arn:aws:ec2:*:*:security-group/*\"},{\"Action\":[\"ec2:CreateTags\",\"ec2:DeleteTags\"],\"Condition\":{\"Null\":{\"aws:RequestTag/elbv2.k8s.aws/cluster\":\"true\",\"aws:ResourceTag/elbv2.k8s.aws/cluster\":\"false\"}},\"Effect\":\"Allow\",\"Resource\":\"arn:aws:ec2:*:*:security-group/*\"},{\"Action\":[\"ec2:AuthorizeSecurityGroupIngress\",\"ec2:RevokeSecurityGroupIngress\",\"ec2:DeleteSecurityGroup\"],\"Condition\":{\"Null\":{\"aws:ResourceTag/elbv2.k8s.aws/cluster\":\"false\"}},\"Effect\":\"Allow\",\"Resource\":\"*\"},{\"Action\":[\"elasticloadbalancing:CreateLoadBalancer\",\"elasticloadbalancing:CreateTargetGroup\"],\"Condition\":{\"Null\":{\"aws:RequestTag/elbv2.k8s.aws/cluster\":\"false\"}},\"Effect\":\"Allow\",\"Resource\":\"*\"},{\"Action\":[\"elasticloadbalancing:CreateListener\",\"elasticloadbalancing:DeleteListener\",\"elasticloadbalancing:CreateRule\",\"elasticloadbalancing:DeleteRule\"],\"Effect\":\"Allow\",\"Resource\":\"*\"},{\"Action\":[\"elasticloadbalancing:AddTags\",\"elasticloadbalancing:RemoveTags\"],\"Condition\":{\"Null\":{\"aws:RequestTag/elbv2.k8s.aws/cluster\":\"true\",\"aws:ResourceTag/elbv2.k8s.aws/cluster\":\"false\"}},\"Effect\":\"Allow\",\"Resource\":[\"arn:aws:elasticloadbalancing:*:*:targetgroup/*/*\",\"arn:aws:elasticloadbalancing:*:*:loadbalancer/net/*/*\",\"arn:aws:elasticloadbalancing:*:*:loadbalancer/app/*/*\"]},{\"Action\":[\"elasticloadbalancing:AddTags\",\"elasticloadbalancing:RemoveTags\"],\"Effect\":\"Allow\",\"Resource\":[\"arn:aws:elasticloadbalancing:*:*:listener/net/*/*/*\",\"arn:aws:elasticloadbalancing:*:*:listener/app/*/*/*\",\"arn:aws:elasticloadbalancing:*:*:listener-rule/net/*/*/*\",\"arn:aws:elasticloadbalancing:*:*:listener-rule/app/*/*/*\"]},{\"Action\":[\"elasticloadbalancing:ModifyLoadBalancerAttributes\",\"elasticloadbalancing:SetIpAddressType\",\"elasticloadbalancing:SetSecurityGroups\",\"elasticloadbalancing:SetSubnets\",\"elasticloadbalancing:DeleteLoadBalancer\",\"elasticloadbalancing:ModifyTargetGroup\",\"elasticloadbalancing:ModifyTargetGroupAttributes\",\"elasticloadbalancing:DeleteTargetGroup\"],\"Condition\":{\"Null\":{\"aws:ResourceTag/elbv2.k8s.aws/cluster\":\"false\"}},\"Effect\":\"Allow\",\"Resource\":\"*\"},{\"Action\":[\"elasticloadbalancing:AddTags\"],\"Condition\":{\"Null\":{\"aws:RequestTag/elbv2.k8s.aws/cluster\":\"false\"},\"StringEquals\":{\"elasticloadbalancing:CreateAction\":[\"CreateTargetGroup\",\"CreateLoadBalancer\"]}},\"Effect\":\"Allow\",\"Resource\":[\"arn:aws:elasticloadbalancing:*:*:targetgroup/*/*\",\"arn:aws:elasticloadbalancing:*:*:loadbalancer/net/*/*\",\"arn:aws:elasticloadbalancing:*:*:loadbalancer/app/*/*\"]},{\"Action\":[\"elasticloadbalancing:RegisterTargets\",\"elasticloadbalancing:DeregisterTargets\"],\"Effect\":\"Allow\",\"Resource\":\"arn:aws:elasticloadbalancing:*:*:targetgroup/*/*\"},{\"Action\":[\"elasticloadbalancing:SetWebAcl\",\"elasticloadbalancing:ModifyListener\",\"elasticloadbalancing:AddListenerCertificates\",\"elasticloadbalancing:RemoveListenerCertificates\",\"elasticloadbalancing:ModifyRule\"],\"Effect\":\"Allow\",\"Resource\":\"*\"}],\"Version\":\"2012-10-17\"}",
            "policy_id": "ANPAUSJEUTT6OE334W4QG",
            "tags": null,
            "tags_all": {
              "ManagedBy": "terraform",
              "Project": "unicorn-gameday",
              "Purpose": "wsc2022-tp53-day2-starter-kit"
            }
          },
          "sensitive_attributes": [],
          "identity_schema_version": 0,
          "private": "bnVsbA=="
        }
      ]
    },
    {
      "mode": "managed",
      "type": "aws_iam_policy",
      "name": "team_role_baseline",
      "provider": "provider[\"registry.terraform.io/hashicorp/aws\"]",
      "instances": [
        {
          "schema_version": 0,
          "attributes": {
            "arn": "arn:aws:iam::314146331900:policy/TeamRoleBaselinePolicy",
            "attachment_count": 0,
            "description": "Documented, non-admin permission set for the bastion/TeamRole - see terraform/iam.tf for the full statement list",
            "id": "arn:aws:iam::314146331900:policy/TeamRoleBaselinePolicy",
            "name": "TeamRoleBaselinePolicy",
            "name_prefix": "",
            "path": "/",
            "policy": "{\"Statement\":[{\"Action\":[\"elasticloadbalancing:*\",\"ec2:*\",\"autoscaling:*\"],\"Effect\":\"Allow\",\"Resource\":\"*\",\"Sid\":\"ComputeAndNetworking\"},{\"Action\":[\"eks:*\",\"ecr:*\"],\"Effect\":\"Allow\",\"Resource\":\"*\",\"Sid\":\"ContainersAndOrchestration\"},{\"Action\":[\"s3:*\",\"rds:*\",\"elasticfilesystem:*\",\"elasticache:*\"],\"Effect\":\"Allow\",\"Resource\":\"*\",\"Sid\":\"DataAndStorage\"},{\"Action\":[\"secretsmanager:*\",\"appconfig:*\"],\"Effect\":\"Allow\",\"Resource\":\"*\",\"Sid\":\"ConfigurationAndSecrets\"},{\"Action\":[\"logs:*\",\"cloudwatch:*\"],\"Effect\":\"Allow\",\"Resource\":\"*\",\"Sid\":\"ObservabilityAndVersioning\"},{\"Action\":[\"iam:UpdateRole\",\"iam:UpdateAssumeRolePolicy\",\"iam:UntagRole\",\"iam:TagRole\",\"iam:TagOpenIDConnectProvider\",\"iam:RemoveRoleFromInstanceProfile\",\"iam:PutRolePolicy\",\"iam:PassRole\",\"iam:ListRoles\",\"iam:ListRolePolicies\",\"iam:ListPolicyVersions\",\"iam:ListPolicies\",\"iam:ListOpenIDConnectProviders\",\"iam:ListInstanceProfilesForRole\",\"iam:ListInstanceProfiles\",\"iam:ListAttachedRolePolicies\",\"iam:GetRolePolicy\",\"iam:GetRole\",\"iam:GetPolicyVersion\",\"iam:GetPolicy\",\"iam:GetOpenIDConnectProvider\",\"iam:GetInstanceProfile\",\"iam:DetachRolePolicy\",\"iam:DeleteRolePolicy\",\"iam:DeleteRole\",\"iam:DeletePolicyVersion\",\"iam:DeletePolicy\",\"iam:DeleteOpenIDConnectProvider\",\"iam:DeleteInstanceProfile\",\"iam:CreateRole\",\"iam:CreatePolicyVersion\",\"iam:CreatePolicy\",\"iam:CreateOpenIDConnectProvider\",\"iam:CreateInstanceProfile\",\"iam:AttachRolePolicy\",\"iam:AddRoleToInstanceProfile\"],\"Effect\":\"Allow\",\"NotResource\":[\"arn:aws:iam::314146331900:role/TeamRole\",\"arn:aws:iam::314146331900:instance-profile/TeamRoleInstanceProfile\"],\"Sid\":\"ScopedIamForSolutionRoles\"}],\"Version\":\"2012-10-17\"}",
            "policy_id": "ANPAUSJEUTT6OAXQCHUNO",
            "tags": null,
            "tags_all": {
              "ManagedBy": "terraform",
              "Project": "unicorn-gameday",
              "Purpose": "wsc2022-tp53-day2-starter-kit"
            }
          },
          "sensitive_attributes": [],
          "identity_schema_version": 0,
          "private": "bnVsbA==",
          "dependencies": [
            "aws_iam_instance_profile.team_role",
            "aws_iam_role.team_role",
            "data.aws_iam_policy_document.team_role_baseline",
            "data.aws_iam_policy_document.team_role_trust"
          ]
        }
      ]
    },
    {
      "mode": "managed",
      "type": "aws_iam_policy",
      "name": "unicorn",
      "provider": "provider[\"registry.terraform.io/hashicorp/aws\"]",
      "instances": [
        {
          "schema_version": 0,
          "attributes": {
            "arn": "arn:aws:iam::314146331900:policy/UnicornPolicy",
            "attachment_count": 0,
            "description": "Allow Unicorn Service to run in EKS (AppConfig, refund S3 bucket, DB secret)",
            "id": "arn:aws:iam::314146331900:policy/UnicornPolicy",
            "name": "UnicornPolicy",
            "name_prefix": "",
            "path": "/",
            "policy": "{\"Statement\":[{\"Action\":[\"appconfig:StartConfigurationSession\",\"appconfig:GetLatestConfiguration\",\"appconfig:GetConfiguration\"],\"Effect\":\"Allow\",\"Resource\":\"arn:aws:appconfig:ap-southeast-1:314146331900:application/*\",\"Sid\":\"AppConfigRead\"},{\"Action\":[\"s3:PutObject\",\"s3:GetObject\"],\"Effect\":\"Allow\",\"Resource\":\"arn:aws:s3:::unicorn-*/*\",\"Sid\":\"RefundBucketAccess\"},{\"Action\":\"s3:ListBucket\",\"Effect\":\"Allow\",\"Resource\":\"arn:aws:s3:::unicorn-*\",\"Sid\":\"RefundBucketList\"},{\"Action\":[\"secretsmanager:GetSecretValue\",\"secretsmanager:DescribeSecret\"],\"Effect\":\"Allow\",\"Resource\":\"arn:aws:secretsmanager:ap-southeast-1:314146331900:secret:unicorn-*\",\"Sid\":\"DBSecretRead\"}],\"Version\":\"2012-10-17\"}",
            "policy_id": "ANPAUSJEUTT6FFB7ICTZ3",
            "tags": null,
            "tags_all": {
              "ManagedBy": "terraform",
              "Project": "unicorn-gameday",
              "Purpose": "wsc2022-tp53-day2-starter-kit"
            }
          },
          "sensitive_attributes": [],
          "identity_schema_version": 0,
          "private": "bnVsbA==",
          "dependencies": [
            "data.aws_caller_identity.current",
            "data.aws_iam_policy_document.unicorn",
            "data.aws_partition.current"
          ]
        }
      ]
    },
    {
      "mode": "managed",
      "type": "aws_iam_role",
      "name": "eks_cluster",
      "provider": "provider[\"registry.terraform.io/hashicorp/aws\"]",
      "instances": [
        {
          "schema_version": 0,
          "attributes": {
            "arn": "arn:aws:iam::314146331900:role/EKSClusterRole",
            "assume_role_policy": "{\"Statement\":[{\"Action\":\"sts:AssumeRole\",\"Effect\":\"Allow\",\"Principal\":{\"Service\":\"eks.amazonaws.com\"}}],\"Version\":\"2012-10-17\"}",
            "create_date": "2026-08-12T08:59:47Z",
            "description": "Baseline role for creating/running the EKS cluster control plane (participant creates the cluster itself)",
            "force_detach_policies": false,
            "id": "EKSClusterRole",
            "inline_policy": [],
            "managed_policy_arns": [],
            "max_session_duration": 3600,
            "name": "EKSClusterRole",
            "name_prefix": "",
            "path": "/",
            "permissions_boundary": "",
            "tags": null,
            "tags_all": {
              "ManagedBy": "terraform",
              "Project": "unicorn-gameday",
              "Purpose": "wsc2022-tp53-day2-starter-kit"
            },
            "unique_id": "AROAUSJEUTT6DMJ7LNV4W"
          },
          "sensitive_attributes": [],
          "identity_schema_version": 0,
          "private": "bnVsbA==",
          "dependencies": [
            "data.aws_iam_policy_document.eks_cluster_trust"
          ]
        }
      ]
    },
    {
      "mode": "managed",
      "type": "aws_iam_role",
      "name": "eks_node",
      "provider": "provider[\"registry.terraform.io/hashicorp/aws\"]",
      "instances": [
        {
          "schema_version": 0,
          "attributes": {
            "arn": "arn:aws:iam::314146331900:role/EKSNodeRole",
            "assume_role_policy": "{\"Statement\":[{\"Action\":\"sts:AssumeRole\",\"Effect\":\"Allow\",\"Principal\":{\"Service\":\"ec2.amazonaws.com\"}}],\"Version\":\"2012-10-17\"}",
            "create_date": "2026-08-12T08:59:47Z",
            "description": "Baseline role for EKS worker nodes / managed node groups (participant creates the node group itself)",
            "force_detach_policies": false,
            "id": "EKSNodeRole",
            "inline_policy": [],
            "managed_policy_arns": [],
            "max_session_duration": 3600,
            "name": "EKSNodeRole",
            "name_prefix": "",
            "path": "/",
            "permissions_boundary": "",
            "tags": null,
            "tags_all": {
              "ManagedBy": "terraform",
              "Project": "unicorn-gameday",
              "Purpose": "wsc2022-tp53-day2-starter-kit"
            },
            "unique_id": "AROAUSJEUTT6NRDY6FUTZ"
          },
          "sensitive_attributes": [],
          "identity_schema_version": 0,
          "private": "bnVsbA==",
          "dependencies": [
            "data.aws_iam_policy_document.eks_node_trust"
          ]
        }
      ]
    },
    {
      "mode": "managed",
      "type": "aws_iam_role",
      "name": "team_role",
      "provider": "provider[\"registry.terraform.io/hashicorp/aws\"]",
      "instances": [
        {
          "schema_version": 0,
          "attributes": {
            "arn": "arn:aws:iam::314146331900:role/TeamRole",
            "assume_role_policy": "{\"Statement\":[{\"Action\":\"sts:AssumeRole\",\"Effect\":\"Allow\",\"Principal\":{\"Service\":\"ec2.amazonaws.com\"}}],\"Version\":\"2012-10-17\"}",
            "create_date": "2026-08-12T08:59:47Z",
            "description": "Bastion administration role - build/test permissions for the Day 2 practice environment, not AdministratorAccess",
            "force_detach_policies": false,
            "id": "TeamRole",
            "inline_policy": [],
            "managed_policy_arns": [],
            "max_session_duration": 3600,
            "name": "TeamRole",
            "name_prefix": "",
            "path": "/",
            "permissions_boundary": "",
            "tags": null,
            "tags_all": {
              "ManagedBy": "terraform",
              "Project": "unicorn-gameday",
              "Purpose": "wsc2022-tp53-day2-starter-kit"
            },
            "unique_id": "AROAUSJEUTT6DV7JW6PJD"
          },
          "sensitive_attributes": [],
          "identity_schema_version": 0,
          "private": "bnVsbA==",
          "dependencies": [
            "data.aws_iam_policy_document.team_role_trust"
          ]
        }
      ]
    },
    {
      "mode": "managed",
      "type": "aws_iam_role_policy_attachment",
      "name": "eks_cluster_policy",
      "provider": "provider[\"registry.terraform.io/hashicorp/aws\"]",
      "instances": [
        {
          "schema_version": 0,
          "attributes": {
            "id": "EKSClusterRole-20260812085911911500000003",
            "policy_arn": "arn:aws:iam::aws:policy/AmazonEKSClusterPolicy",
            "role": "EKSClusterRole"
          },
          "sensitive_attributes": [],
          "identity_schema_version": 0,
          "private": "bnVsbA==",
          "dependencies": [
            "aws_iam_role.eks_cluster",
            "data.aws_iam_policy_document.eks_cluster_trust",
            "data.aws_partition.current"
          ]
        }
      ]
    },
    {
      "mode": "managed",
      "type": "aws_iam_role_policy_attachment",
      "name": "eks_node_cni",
      "provider": "provider[\"registry.terraform.io/hashicorp/aws\"]",
      "instances": [
        {
          "schema_version": 0,
          "attributes": {
            "id": "EKSNodeRole-20260812085911897400000001",
            "policy_arn": "arn:aws:iam::aws:policy/AmazonEKS_CNI_Policy",
            "role": "EKSNodeRole"
          },
          "sensitive_attributes": [],
          "identity_schema_version": 0,
          "private": "bnVsbA==",
          "dependencies": [
            "aws_iam_role.eks_node",
            "data.aws_iam_policy_document.eks_node_trust",
            "data.aws_partition.current"
          ]
        }
      ]
    },
    {
      "mode": "managed",
      "type": "aws_iam_role_policy_attachment",
      "name": "eks_node_ecr",
      "provider": "provider[\"registry.terraform.io/hashicorp/aws\"]",
      "instances": [
        {
          "schema_version": 0,
          "attributes": {
            "id": "EKSNodeRole-20260812085911898600000002",
            "policy_arn": "arn:aws:iam::aws:policy/AmazonEC2ContainerRegistryReadOnly",
            "role": "EKSNodeRole"
          },
          "sensitive_attributes": [],
          "identity_schema_version": 0,
          "private": "bnVsbA==",
          "dependencies": [
            "aws_iam_role.eks_node",
            "data.aws_iam_policy_document.eks_node_trust",
            "data.aws_partition.current"
          ]
        }
      ]
    },
    {
      "mode": "managed",
      "type": "aws_iam_role_policy_attachment",
      "name": "eks_node_worker",
      "provider": "provider[\"registry.terraform.io/hashicorp/aws\"]",
      "instances": [
        {
          "schema_version": 0,
          "attributes": {
            "id": "EKSNodeRole-20260812085911942500000004",
            "policy_arn": "arn:aws:iam::aws:policy/AmazonEKSWorkerNodePolicy",
            "role": "EKSNodeRole"
          },
          "sensitive_attributes": [],
          "identity_schema_version": 0,
          "private": "bnVsbA==",
          "dependencies": [
            "aws_iam_role.eks_node",
            "data.aws_iam_policy_document.eks_node_trust",
            "data.aws_partition.current"
          ]
        }
      ]
    },
    {
      "mode": "managed",
      "type": "aws_iam_role_policy_attachment",
      "name": "team_role_baseline",
      "provider": "provider[\"registry.terraform.io/hashicorp/aws\"]",
      "instances": [
        {
          "schema_version": 0,
          "attributes": {
            "id": "TeamRole-20260812085920200600000006",
            "policy_arn": "arn:aws:iam::314146331900:policy/TeamRoleBaselinePolicy",
            "role": "TeamRole"
          },
          "sensitive_attributes": [],
          "identity_schema_version": 0,
          "private": "bnVsbA==",
          "dependencies": [
            "aws_iam_instance_profile.team_role",
            "aws_iam_policy.team_role_baseline",
            "aws_iam_role.team_role",
            "data.aws_iam_policy_document.team_role_baseline",
            "data.aws_iam_policy_document.team_role_trust"
          ]
        }
      ]
    },
    {
      "mode": "managed",
      "type": "aws_iam_role_policy_attachment",
      "name": "team_role_ssm",
      "provider": "provider[\"registry.terraform.io/hashicorp/aws\"]",
      "instances": [
        {
          "schema_version": 0,
          "attributes": {
            "id": "TeamRole-20260812085912038000000005",
            "policy_arn": "arn:aws:iam::aws:policy/AmazonSSMManagedInstanceCore",
            "role": "TeamRole"
          },
          "sensitive_attributes": [],
          "identity_schema_version": 0,
          "private": "bnVsbA==",
          "dependencies": [
            "aws_iam_role.team_role",
            "data.aws_iam_policy_document.team_role_trust",
            "data.aws_partition.current"
          ]
        }
      ]
    },
    {
      "mode": "managed",
      "type": "aws_instance",
      "name": "bastion",
      "provider": "provider[\"registry.terraform.io/hashicorp/aws\"]",
      "instances": [
        {
          "schema_version": 1,
          "attributes": {
            "ami": "ami-0bda501dba2e3a0ba",
            "arn": "arn:aws:ec2:ap-southeast-1:314146331900:instance/i-0ac035a871215def0",
            "associate_public_ip_address": true,
            "availability_zone": "ap-southeast-1c",
            "capacity_reservation_specification": [
              {
                "capacity_reservation_preference": "open",
                "capacity_reservation_target": []
              }
            ],
            "cpu_core_count": 1,
            "cpu_options": [
              {
                "amd_sev_snp": "",
                "core_count": 1,
                "threads_per_core": 2
              }
            ],
            "cpu_threads_per_core": 2,
            "credit_specification": [
              {
                "cpu_credits": "unlimited"
              }
            ],
            "disable_api_stop": false,
            "disable_api_termination": false,
            "ebs_block_device": [],
            "ebs_optimized": false,
            "enable_primary_ipv6": null,
            "enclave_options": [
              {
                "enabled": false
              }
            ],
            "ephemeral_block_device": [],
            "get_password_data": false,
            "hibernation": false,
            "host_id": "",
            "host_resource_group_arn": null,
            "iam_instance_profile": "TeamRoleInstanceProfile",
            "id": "i-0ac035a871215def0",
            "instance_initiated_shutdown_behavior": "stop",
            "instance_lifecycle": "",
            "instance_market_options": [],
            "instance_state": "running",
            "instance_type": "t3.medium",
            "ipv6_address_count": 0,
            "ipv6_addresses": [],
            "key_name": "",
            "launch_template": [],
            "maintenance_options": [
              {
                "auto_recovery": "default"
              }
            ],
            "metadata_options": [
              {
                "http_endpoint": "enabled",
                "http_protocol_ipv6": "disabled",
                "http_put_response_hop_limit": 2,
                "http_tokens": "required",
                "instance_metadata_tags": "disabled"
              }
            ],
            "monitoring": false,
            "network_interface": [],
            "outpost_arn": "",
            "password_data": "",
            "placement_group": "",
            "placement_partition_number": 0,
            "primary_network_interface_id": "eni-00bf8f735cdfec55e",
            "private_dns": "ip-10-0-0-26.ap-southeast-1.compute.internal",
            "private_dns_name_options": [
              {
                "enable_resource_name_dns_a_record": false,
                "enable_resource_name_dns_aaaa_record": false,
                "hostname_type": "ip-name"
              }
            ],
            "private_ip": "10.0.0.26",
            "public_dns": "ec2-13-251-103-110.ap-southeast-1.compute.amazonaws.com",
            "public_ip": "13.251.103.110",
            "root_block_device": [
              {
                "delete_on_termination": true,
                "device_name": "/dev/xvda",
                "encrypted": true,
                "iops": 3000,
                "kms_key_id": "arn:aws:kms:ap-southeast-1:314146331900:key/17c69d77-5b8e-4cab-b35c-8f24e627fd42",
                "tags": null,
                "tags_all": {
                  "ManagedBy": "terraform",
                  "Project": "unicorn-gameday",
                  "Purpose": "wsc2022-tp53-day2-starter-kit"
                },
                "throughput": 125,
                "volume_id": "vol-08c7093a97a5804e5",
                "volume_size": 30,
                "volume_type": "gp3"
              }
            ],
            "secondary_private_ips": [],
            "security_groups": [],
            "source_dest_check": true,
            "spot_instance_request_id": "",
            "subnet_id": "subnet-01e0d0cd474ac47fb",
            "tags": {
              "Name": "unicorn-gameday-bastion",
              "Role": "bastion"
            },
            "tags_all": {
              "ManagedBy": "terraform",
              "Name": "unicorn-gameday-bastion",
              "Project": "unicorn-gameday",
              "Purpose": "wsc2022-tp53-day2-starter-kit",
              "Role": "bastion"
            },
            "tenancy": "default",
            "timeouts": null,
            "user_data": "9e4e24172a0c835c767c1cf585db4de23afdd378",
            "user_data_base64": null,
            "user_data_replace_on_change": false,
            "volume_tags": null,
            "vpc_security_group_ids": [
              "sg-0e05de50b8af6528f"
            ]
          },
          "sensitive_attributes": [],
          "identity_schema_version": 0,
          "private": "eyJlMmJmYjczMC1lY2FhLTExZTYtOGY4OC0zNDM2M2JjN2M0YzAiOnsiY3JlYXRlIjo2MDAwMDAwMDAwMDAsImRlbGV0ZSI6MTIwMDAwMDAwMDAwMCwicmVhZCI6OTAwMDAwMDAwMDAwLCJ1cGRhdGUiOjYwMDAwMDAwMDAwMH0sInNjaGVtYV92ZXJzaW9uIjoiMSJ9",
          "dependencies": [
            "aws_iam_instance_profile.team_role",
            "aws_iam_role.team_role",
            "aws_security_group.bastion",
            "aws_subnet.bastion_public",
            "aws_vpc.bastion",
            "data.aws_ami.amazon_linux",
            "data.aws_iam_policy_document.team_role_trust",
            "data.aws_subnets.default",
            "data.aws_vpc.default"
          ]
        }
      ]
    },
    {
      "mode": "managed",
      "type": "aws_internet_gateway",
      "name": "bastion",
      "provider": "provider[\"registry.terraform.io/hashicorp/aws\"]",
      "instances": [
        {
          "index_key": 0,
          "schema_version": 0,
          "attributes": {
            "arn": "arn:aws:ec2:ap-southeast-1:314146331900:internet-gateway/igw-06bd4fb55ace82c37",
            "id": "igw-06bd4fb55ace82c37",
            "owner_id": "314146331900",
            "tags": {
              "Name": "unicorn-gameday-igw"
            },
            "tags_all": {
              "ManagedBy": "terraform",
              "Name": "unicorn-gameday-igw",
              "Project": "unicorn-gameday",
              "Purpose": "wsc2022-tp53-day2-starter-kit"
            },
            "timeouts": null,
            "vpc_id": "vpc-080572dbdb6168feb"
          },
          "sensitive_attributes": [],
          "identity_schema_version": 0,
          "private": "eyJlMmJmYjczMC1lY2FhLTExZTYtOGY4OC0zNDM2M2JjN2M0YzAiOnsiY3JlYXRlIjoxMjAwMDAwMDAwMDAwLCJkZWxldGUiOjEyMDAwMDAwMDAwMDAsInVwZGF0ZSI6MTIwMDAwMDAwMDAwMH19",
          "dependencies": [
            "aws_vpc.bastion"
          ]
        }
      ]
    },
    {
      "mode": "managed",
      "type": "aws_route_table",
      "name": "bastion_public",
      "provider": "provider[\"registry.terraform.io/hashicorp/aws\"]",
      "instances": [
        {
          "index_key": 0,
          "schema_version": 0,
          "attributes": {
            "arn": "arn:aws:ec2:ap-southeast-1:314146331900:route-table/rtb-09288338f47417a79",
            "id": "rtb-09288338f47417a79",
            "owner_id": "314146331900",
            "propagating_vgws": [],
            "route": [
              {
                "carrier_gateway_id": "",
                "cidr_block": "0.0.0.0/0",
                "core_network_arn": "",
                "destination_prefix_list_id": "",
                "egress_only_gateway_id": "",
                "gateway_id": "igw-06bd4fb55ace82c37",
                "ipv6_cidr_block": "",
                "local_gateway_id": "",
                "nat_gateway_id": "",
                "network_interface_id": "",
                "transit_gateway_id": "",
                "vpc_endpoint_id": "",
                "vpc_peering_connection_id": ""
              }
            ],
            "tags": {
              "Name": "unicorn-gameday-bastion-public-rt"
            },
            "tags_all": {
              "ManagedBy": "terraform",
              "Name": "unicorn-gameday-bastion-public-rt",
              "Project": "unicorn-gameday",
              "Purpose": "wsc2022-tp53-day2-starter-kit"
            },
            "timeouts": null,
            "vpc_id": "vpc-080572dbdb6168feb"
          },
          "sensitive_attributes": [],
          "identity_schema_version": 0,
          "private": "eyJlMmJmYjczMC1lY2FhLTExZTYtOGY4OC0zNDM2M2JjN2M0YzAiOnsiY3JlYXRlIjozMDAwMDAwMDAwMDAsImRlbGV0ZSI6MzAwMDAwMDAwMDAwLCJ1cGRhdGUiOjEyMDAwMDAwMDAwMH19",
          "dependencies": [
            "aws_internet_gateway.bastion",
            "aws_vpc.bastion"
          ]
        }
      ]
    },
    {
      "mode": "managed",
      "type": "aws_route_table_association",
      "name": "bastion_public",
      "provider": "provider[\"registry.terraform.io/hashicorp/aws\"]",
      "instances": [
        {
          "index_key": 0,
          "schema_version": 0,
          "attributes": {
            "gateway_id": "",
            "id": "rtbassoc-0060bb204a30bcb9d",
            "route_table_id": "rtb-09288338f47417a79",
            "subnet_id": "subnet-01e0d0cd474ac47fb",
            "timeouts": null
          },
          "sensitive_attributes": [],
          "identity_schema_version": 0,
          "private": "eyJlMmJmYjczMC1lY2FhLTExZTYtOGY4OC0zNDM2M2JjN2M0YzAiOnsiY3JlYXRlIjozMDAwMDAwMDAwMDAsImRlbGV0ZSI6MzAwMDAwMDAwMDAwLCJ1cGRhdGUiOjEyMDAwMDAwMDAwMH19",
          "dependencies": [
            "aws_internet_gateway.bastion",
            "aws_route_table.bastion_public",
            "aws_subnet.bastion_public",
            "aws_vpc.bastion"
          ]
        }
      ]
    },
    {
      "mode": "managed",
      "type": "aws_security_group",
      "name": "bastion",
      "provider": "provider[\"registry.terraform.io/hashicorp/aws\"]",
      "instances": [
        {
          "schema_version": 1,
          "attributes": {
            "arn": "arn:aws:ec2:ap-southeast-1:314146331900:security-group/sg-0e05de50b8af6528f",
            "description": "Bastion host - no inbound access, SSM Session Manager only",
            "egress": [
              {
                "cidr_blocks": [
                  "0.0.0.0/0"
                ],
                "description": "Allow all outbound",
                "from_port": 0,
                "ipv6_cidr_blocks": [],
                "prefix_list_ids": [],
                "protocol": "-1",
                "security_groups": [],
                "self": false,
                "to_port": 0
              }
            ],
            "id": "sg-0e05de50b8af6528f",
            "ingress": [],
            "name": "unicorn-gameday-bastion-20260812085921597100000007",
            "name_prefix": "unicorn-gameday-bastion-",
            "owner_id": "314146331900",
            "revoke_rules_on_delete": false,
            "tags": {
              "Name": "unicorn-gameday-bastion-sg"
            },
            "tags_all": {
              "ManagedBy": "terraform",
              "Name": "unicorn-gameday-bastion-sg",
              "Project": "unicorn-gameday",
              "Purpose": "wsc2022-tp53-day2-starter-kit"
            },
            "timeouts": null,
            "vpc_id": "vpc-080572dbdb6168feb"
          },
          "sensitive_attributes": [],
          "identity_schema_version": 0,
          "private": "eyJlMmJmYjczMC1lY2FhLTExZTYtOGY4OC0zNDM2M2JjN2M0YzAiOnsiY3JlYXRlIjo2MDAwMDAwMDAwMDAsImRlbGV0ZSI6OTAwMDAwMDAwMDAwfSwic2NoZW1hX3ZlcnNpb24iOiIxIn0=",
          "dependencies": [
            "aws_vpc.bastion",
            "data.aws_vpc.default"
          ],
          "create_before_destroy": true
        }
      ]
    },
    {
      "mode": "managed",
      "type": "aws_subnet",
      "name": "bastion_public",
      "provider": "provider[\"registry.terraform.io/hashicorp/aws\"]",
      "instances": [
        {
          "index_key": 0,
          "schema_version": 1,
          "attributes": {
            "arn": "arn:aws:ec2:ap-southeast-1:314146331900:subnet/subnet-01e0d0cd474ac47fb",
            "assign_ipv6_address_on_creation": false,
            "availability_zone": "ap-southeast-1c",
            "availability_zone_id": "apse1-az3",
            "cidr_block": "10.0.0.0/24",
            "customer_owned_ipv4_pool": "",
            "enable_dns64": false,
            "enable_lni_at_device_index": 0,
            "enable_resource_name_dns_a_record_on_launch": false,
            "enable_resource_name_dns_aaaa_record_on_launch": false,
            "id": "subnet-01e0d0cd474ac47fb",
            "ipv6_cidr_block": "",
            "ipv6_cidr_block_association_id": "",
            "ipv6_native": false,
            "map_customer_owned_ip_on_launch": false,
            "map_public_ip_on_launch": true,
            "outpost_arn": "",
            "owner_id": "314146331900",
            "private_dns_hostname_type_on_launch": "ip-name",
            "tags": {
              "Name": "unicorn-gameday-bastion-public"
            },
            "tags_all": {
              "ManagedBy": "terraform",
              "Name": "unicorn-gameday-bastion-public",
              "Project": "unicorn-gameday",
              "Purpose": "wsc2022-tp53-day2-starter-kit"
            },
            "timeouts": null,
            "vpc_id": "vpc-080572dbdb6168feb"
          },
          "sensitive_attributes": [],
          "identity_schema_version": 0,
          "private": "eyJlMmJmYjczMC1lY2FhLTExZTYtOGY4OC0zNDM2M2JjN2M0YzAiOnsiY3JlYXRlIjo2MDAwMDAwMDAwMDAsImRlbGV0ZSI6MTIwMDAwMDAwMDAwMH0sInNjaGVtYV92ZXJzaW9uIjoiMSJ9",
          "dependencies": [
            "aws_vpc.bastion"
          ]
        }
      ]
    },
    {
      "mode": "managed",
      "type": "aws_vpc",
      "name": "bastion",
      "provider": "provider[\"registry.terraform.io/hashicorp/aws\"]",
      "instances": [
        {
          "index_key": 0,
          "schema_version": 1,
          "attributes": {
            "arn": "arn:aws:ec2:ap-southeast-1:314146331900:vpc/vpc-080572dbdb6168feb",
            "assign_generated_ipv6_cidr_block": false,
            "cidr_block": "10.0.0.0/16",
            "default_network_acl_id": "acl-0ac6fb02f34a2baef",
            "default_route_table_id": "rtb-08c5d56ee2220f2fb",
            "default_security_group_id": "sg-0e62350e8301caaf7",
            "dhcp_options_id": "dopt-0573ebabac3411367",
            "enable_dns_hostnames": true,
            "enable_dns_support": true,
            "enable_network_address_usage_metrics": false,
            "id": "vpc-080572dbdb6168feb",
            "instance_tenancy": "default",
            "ipv4_ipam_pool_id": null,
            "ipv4_netmask_length": null,
            "ipv6_association_id": "",
            "ipv6_cidr_block": "",
            "ipv6_cidr_block_network_border_group": "",
            "ipv6_ipam_pool_id": "",
            "ipv6_netmask_length": 0,
            "main_route_table_id": "rtb-08c5d56ee2220f2fb",
            "owner_id": "314146331900",
            "tags": {
              "Name": "unicorn-gameday-vpc"
            },
            "tags_all": {
              "ManagedBy": "terraform",
              "Name": "unicorn-gameday-vpc",
              "Project": "unicorn-gameday",
              "Purpose": "wsc2022-tp53-day2-starter-kit"
            }
          },
          "sensitive_attributes": [],
          "identity_schema_version": 0,
          "private": "eyJzY2hlbWFfdmVyc2lvbiI6IjEifQ==",
          "create_before_destroy": true
        }
      ]
    }
  ],
  "check_results": null
}
